
Microsoft Visual Studio Solution File, Format Version 12.00
# Visual Studio Version 16
VisualStudioVersion = 16.0.31515.178
MinimumVisualStudioVersion = 10.0.40219.1
Project("{FAE04EC0-301F-11D3-BF4B-00C04F79EFBC}") = "DeveloperTask.WEB", "DeveloperTask.WEB\DeveloperTask.WEB.csproj", "{89A5B46E-E76D-4653-A5EE-969010CE0A40}"
EndProject
Project("{FAE04EC0-301F-11D3-BF4B-00C04F79EFBC}") = "DeveloperTask.DAL", "DeveloperTask.DAL\DeveloperTask.DAL.csproj", "{9598BE16-5EAE-476F-A493-DD4C2D42108A}"
EndProject
Global
	GlobalSection(SolutionConfigurationPlatforms) = preSolution
		Debug|Any CPU = Debug|Any CPU
		Release|Any CPU = Release|Any CPU
	EndGlobalSection
	GlobalSection(ProjectConfigurationPlatforms) = postSolution
		{89A5B46E-E76D-4653-A5EE-969010CE0A40}.Debug|Any CPU.ActiveCfg = Debug|Any CPU
		{89A5B46E-E76D-4653-A5EE-969010CE0A40}.Debug|Any CPU.Build.0 = Debug|Any CPU
		{89A5B46E-E76D-4653-A5EE-969010CE0A40}.Release|Any CPU.ActiveCfg = Release|Any CPU
		{89A5B46E-E76D-4653-A5EE-969010CE0A40}.Release|Any CPU.Build.0 = Release|Any CPU
		{9598BE16-5EAE-476F-A493-DD4C2D42108A}.Debug|Any CPU.ActiveCfg = Debug|Any CPU
		{9598BE16-5EAE-476F-A493-DD4C2D42108A}.Debug|Any CPU.Build.0 = Debug|Any CPU
		{9598BE16-5EAE-476F-A493-DD4C2D42108A}.Release|Any CPU.ActiveCfg = Release|Any CPU
		{9598BE16-5EAE-476F-A493-DD4C2D42108A}.Release|Any CPU.Build.0 = Release|Any CPU
	EndGlobalSection
	GlobalSection(SolutionProperties) = preSolution
		HideSolutionNode = FALSE
	EndGlobalSection
	GlobalSection(ExtensibilityGlobals) = postSolution
		SolutionGuid = {C60A42AB-6969-4B7C-801B-EFE51B6C6C0B}
	EndGlobalSection
EndGlobal
